
Microsoft Visual Studio Solution File, Format Version 12.00
# Visual Studio Version 16
VisualStudioVersion = 16.0.30503.244
MinimumVisualStudioVersion = 10.0.40219.1
Project("{FAE04EC0-301F-11D3-BF4B-00C04F79EFBC}") = "HuntingApplication", "HuntingApplication\HuntingApplication.csproj", "{AD9720BF-2E28-4920-8F62-12E6560B3C40}"
EndProject
Project("{FAE04EC0-301F-11D3-BF4B-00C04F79EFBC}") = "HuntingModel", "HuntingModel\HuntingModel.csproj", "{05ADE1CF-B7EF-426E-8AB4-5933BF6B1295}"
EndProject
Project("{FAE04EC0-301F-11D3-BF4B-00C04F79EFBC}") = "HuntingWebJob", "HuntingWebJob\HuntingWebJob.csproj", "{F6DB045B-1119-4DC2-A38E-0E1924D2E9B1}"
EndProject
Project("{FAE04EC0-301F-11D3-BF4B-00C04F79EFBC}") = "HuntingCoreModel", "HuntingCoreModel\HuntingCoreModel.csproj", "{3813E8C0-5DB5-4F32-9A0A-361337807AFD}"
EndProject
Global
	GlobalSection(SolutionConfigurationPlatforms) = preSolution
		Debug|Any CPU = Debug|Any CPU
		Release|Any CPU = Release|Any CPU
	EndGlobalSection
	GlobalSection(ProjectConfigurationPlatforms) = postSolution
		{AD9720BF-2E28-4920-8F62-12E6560B3C40}.Debug|Any CPU.ActiveCfg = Debug|Any CPU
		{AD9720BF-2E28-4920-8F62-12E6560B3C40}.Debug|Any CPU.Build.0 = Debug|Any CPU
		{AD9720BF-2E28-4920-8F62-12E6560B3C40}.Release|Any CPU.ActiveCfg = Release|Any CPU
		{AD9720BF-2E28-4920-8F62-12E6560B3C40}.Release|Any CPU.Build.0 = Release|Any CPU
		{05ADE1CF-B7EF-426E-8AB4-5933BF6B1295}.Debug|Any CPU.ActiveCfg = Debug|Any CPU
		{05ADE1CF-B7EF-426E-8AB4-5933BF6B1295}.Debug|Any CPU.Build.0 = Debug|Any CPU
		{05ADE1CF-B7EF-426E-8AB4-5933BF6B1295}.Release|Any CPU.ActiveCfg = Release|Any CPU
		{05ADE1CF-B7EF-426E-8AB4-5933BF6B1295}.Release|Any CPU.Build.0 = Release|Any CPU
		{F6DB045B-1119-4DC2-A38E-0E1924D2E9B1}.Debug|Any CPU.ActiveCfg = Debug|Any CPU
		{F6DB045B-1119-4DC2-A38E-0E1924D2E9B1}.Debug|Any CPU.Build.0 = Debug|Any CPU
		{F6DB045B-1119-4DC2-A38E-0E1924D2E9B1}.Release|Any CPU.ActiveCfg = Release|Any CPU
		{F6DB045B-1119-4DC2-A38E-0E1924D2E9B1}.Release|Any CPU.Build.0 = Release|Any CPU
		{3813E8C0-5DB5-4F32-9A0A-361337807AFD}.Debug|Any CPU.ActiveCfg = Debug|Any CPU
		{3813E8C0-5DB5-4F32-9A0A-361337807AFD}.Debug|Any CPU.Build.0 = Debug|Any CPU
		{3813E8C0-5DB5-4F32-9A0A-361337807AFD}.Release|Any CPU.ActiveCfg = Release|Any CPU
		{3813E8C0-5DB5-4F32-9A0A-361337807AFD}.Release|Any CPU.Build.0 = Release|Any CPU
	EndGlobalSection
	GlobalSection(SolutionProperties) = preSolution
		HideSolutionNode = FALSE
	EndGlobalSection
	GlobalSection(ExtensibilityGlobals) = postSolution
		SolutionGuid = {5EA8CED8-F02C-4F6E-9E18-C580B48B6AFD}
	EndGlobalSection
EndGlobal
